
Microsoft Visual Studio Solution File, Format Version 12.00
# Visual Studio Version 17
VisualStudioVersion = 17.0.31903.59
MinimumVisualStudioVersion = 10.0.40219.1
Project("{2150E333-8FDC-42A3-9474-1A3956D46DE8}") = "Application", "Application", "{A74F262E-BDE7-D5D2-89E9-785413424D0A}"
EndProject
Project("{FAE04EC0-301F-11D3-BF4B-00C04F79EFBC}") = "SearchJobs.Api", "Application\SearchJobs.Api\SearchJobs.Api.csproj", "{7C19B652-3FCE-4DB1-8564-6A9D9C7E6DAF}"
EndProject
Project("{2150E333-8FDC-42A3-9474-1A3956D46DE8}") = "Testing", "Testing", "{78DDA25A-7C38-13C4-DE39-740FEE45D7B1}"
EndProject
Project("{FAE04EC0-301F-11D3-BF4B-00C04F79EFBC}") = "Application.UnitTests", "Testing\Application.UnitTests\Application.UnitTests.csproj", "{5785C32C-D557-48C2-AA9F-B95F7BD8532D}"
EndProject
Global
	GlobalSection(SolutionConfigurationPlatforms) = preSolution
		Debug|Any CPU = Debug|Any CPU
		Debug|x64 = Debug|x64
		Debug|x86 = Debug|x86
		Release|Any CPU = Release|Any CPU
		Release|x64 = Release|x64
		Release|x86 = Release|x86
	EndGlobalSection
	GlobalSection(ProjectConfigurationPlatforms) = postSolution
		{7C19B652-3FCE-4DB1-8564-6A9D9C7E6DAF}.Debug|Any CPU.ActiveCfg = Debug|Any CPU
		{7C19B652-3FCE-4DB1-8564-6A9D9C7E6DAF}.Debug|Any CPU.Build.0 = Debug|Any CPU
		{7C19B652-3FCE-4DB1-8564-6A9D9C7E6DAF}.Debug|x64.ActiveCfg = Debug|Any CPU
		{7C19B652-3FCE-4DB1-8564-6A9D9C7E6DAF}.Debug|x64.Build.0 = Debug|Any CPU
		{7C19B652-3FCE-4DB1-8564-6A9D9C7E6DAF}.Debug|x86.ActiveCfg = Debug|Any CPU
		{7C19B652-3FCE-4DB1-8564-6A9D9C7E6DAF}.Debug|x86.Build.0 = Debug|Any CPU
		{7C19B652-3FCE-4DB1-8564-6A9D9C7E6DAF}.Release|Any CPU.ActiveCfg = Release|Any CPU
		{7C19B652-3FCE-4DB1-8564-6A9D9C7E6DAF}.Release|Any CPU.Build.0 = Release|Any CPU
		{7C19B652-3FCE-4DB1-8564-6A9D9C7E6DAF}.Release|x64.ActiveCfg = Release|Any CPU
		{7C19B652-3FCE-4DB1-8564-6A9D9C7E6DAF}.Release|x64.Build.0 = Release|Any CPU
		{7C19B652-3FCE-4DB1-8564-6A9D9C7E6DAF}.Release|x86.ActiveCfg = Release|Any CPU
		{7C19B652-3FCE-4DB1-8564-6A9D9C7E6DAF}.Release|x86.Build.0 = Release|Any CPU
		{5785C32C-D557-48C2-AA9F-B95F7BD8532D}.Debug|Any CPU.ActiveCfg = Debug|Any CPU
		{5785C32C-D557-48C2-AA9F-B95F7BD8532D}.Debug|Any CPU.Build.0 = Debug|Any CPU
		{5785C32C-D557-48C2-AA9F-B95F7BD8532D}.Debug|x64.ActiveCfg = Debug|Any CPU
		{5785C32C-D557-48C2-AA9F-B95F7BD8532D}.Debug|x64.Build.0 = Debug|Any CPU
		{5785C32C-D557-48C2-AA9F-B95F7BD8532D}.Debug|x86.ActiveCfg = Debug|Any CPU
		{5785C32C-D557-48C2-AA9F-B95F7BD8532D}.Debug|x86.Build.0 = Debug|Any CPU
		{5785C32C-D557-48C2-AA9F-B95F7BD8532D}.Release|Any CPU.ActiveCfg = Release|Any CPU
		{5785C32C-D557-48C2-AA9F-B95F7BD8532D}.Release|Any CPU.Build.0 = Release|Any CPU
		{5785C32C-D557-48C2-AA9F-B95F7BD8532D}.Release|x64.ActiveCfg = Release|Any CPU
		{5785C32C-D557-48C2-AA9F-B95F7BD8532D}.Release|x64.Build.0 = Release|Any CPU
		{5785C32C-D557-48C2-AA9F-B95F7BD8532D}.Release|x86.ActiveCfg = Release|Any CPU
		{5785C32C-D557-48C2-AA9F-B95F7BD8532D}.Release|x86.Build.0 = Release|Any CPU
	EndGlobalSection
	GlobalSection(SolutionProperties) = preSolution
		HideSolutionNode = FALSE
	EndGlobalSection
	GlobalSection(NestedProjects) = preSolution
		{7C19B652-3FCE-4DB1-8564-6A9D9C7E6DAF} = {A74F262E-BDE7-D5D2-89E9-785413424D0A}
		{5785C32C-D557-48C2-AA9F-B95F7BD8532D} = {78DDA25A-7C38-13C4-DE39-740FEE45D7B1}
	EndGlobalSection
EndGlobal
